
Microsoft Visual Studio Solution File, Format Version 12.00
# Visual Studio Express 2012 for Windows Desktop
Project("{FAE04EC0-301F-11D3-BF4B-00C04F79EFBC}") = "SteamMessageGenerator", "SteamMessageGenerator\SteamMessageGenerator.csproj", "{0E32DD15-FBF8-4B83-841E-CF959F95B311}"
EndProject
Global
	GlobalSection(SolutionConfigurationPlatforms) = preSolution
		Debug|Any CPU = Debug|Any CPU
		Release|Any CPU = Release|Any CPU
	EndGlobalSection
	GlobalSection(ProjectConfigurationPlatforms) = postSolution
		{0E32DD15-FBF8-4B83-841E-CF959F95B311}.Debug|Any CPU.ActiveCfg = Debug|Any CPU
		{0E32DD15-FBF8-4B83-841E-CF959F95B311}.Debug|Any CPU.Build.0 = Debug|Any CPU
		{0E32DD15-FBF8-4B83-841E-CF959F95B311}.Release|Any CPU.ActiveCfg = Release|Any CPU
		{0E32DD15-FBF8-4B83-841E-CF959F95B311}.Release|Any CPU.Build.0 = Release|Any CPU
	EndGlobalSection
	GlobalSection(SolutionProperties) = preSolution
		HideSolutionNode = FALSE
	EndGlobalSection
EndGlobal
